
Microsoft Visual Studio Solution File, Format Version 12.00
# Visual Studio Version 17
VisualStudioVersion = 17.11.35312.102
MinimumVisualStudioVersion = 10.0.40219.1
Project("{9A19103F-16F7-4668-BE54-9A1E7A4F7556}") = "CarRental", "CarRental.csproj", "{00F18002-FE9D-4D88-886A-188491FBA182}"
EndProject
Project("{FAE04EC0-301F-11D3-BF4B-00C04F79EFBC}") = "CarRental.Test", "..\CarRental.Test\CarRental.Test.csproj", "{1D17B72D-6419-4B5F-ADB6-6DA0EAFDAE71}"
EndProject
Global
	GlobalSection(SolutionConfigurationPlatforms) = preSolution
		Debug|Any CPU = Debug|Any CPU
		Release|Any CPU = Release|Any CPU
	EndGlobalSection
	GlobalSection(ProjectConfigurationPlatforms) = postSolution
		{00F18002-FE9D-4D88-886A-188491FBA182}.Debug|Any CPU.ActiveCfg = Debug|Any CPU
		{00F18002-FE9D-4D88-886A-188491FBA182}.Debug|Any CPU.Build.0 = Debug|Any CPU
		{00F18002-FE9D-4D88-886A-188491FBA182}.Release|Any CPU.ActiveCfg = Release|Any CPU
		{00F18002-FE9D-4D88-886A-188491FBA182}.Release|Any CPU.Build.0 = Release|Any CPU
		{1D17B72D-6419-4B5F-ADB6-6DA0EAFDAE71}.Debug|Any CPU.ActiveCfg = Debug|Any CPU
		{1D17B72D-6419-4B5F-ADB6-6DA0EAFDAE71}.Debug|Any CPU.Build.0 = Debug|Any CPU
		{1D17B72D-6419-4B5F-ADB6-6DA0EAFDAE71}.Release|Any CPU.ActiveCfg = Release|Any CPU
		{1D17B72D-6419-4B5F-ADB6-6DA0EAFDAE71}.Release|Any CPU.Build.0 = Release|Any CPU
	EndGlobalSection
	GlobalSection(SolutionProperties) = preSolution
		HideSolutionNode = FALSE
	EndGlobalSection
	GlobalSection(ExtensibilityGlobals) = postSolution
		SolutionGuid = {20013829-5935-4563-B0E4-AF6AE53666BF}
	EndGlobalSection
EndGlobal
